
Microsoft Visual Studio Solution File, Format Version 12.00
# Visual Studio Version 16
VisualStudioVersion = 16.0.30621.155
MinimumVisualStudioVersion = 10.0.40219.1
Project("{FAE04EC0-301F-11D3-BF4B-00C04F79EFBC}") = "MyXamarinApp.UWP", "MyXamarinApp.UWP\MyXamarinApp.UWP.csproj", "{2F903742-1A24-45B3-8AE0-F96B9F828C4F}"
EndProject
Project("{FAE04EC0-301F-11D3-BF4B-00C04F79EFBC}") = "MyXamarinApp.Android", "MyXamarinApp.Android\MyXamarinApp.Android.csproj", "{DC38634F-1156-40F1-A9B5-65E9407772FC}"
EndProject
Project("{FAE04EC0-301F-11D3-BF4B-00C04F79EFBC}") = "MyXamarinApp.iOS", "MyXamarinApp.iOS\MyXamarinApp.iOS.csproj", "{517B8A94-99A7-4483-95CB-52E339FA7784}"
EndProject
Project("{FAE04EC0-301F-11D3-BF4B-00C04F79EFBC}") = "MyXamarinApp", "MyXamarinApp\MyXamarinApp.csproj", "{C1F7204B-00BE-4F4C-BE4B-1D109CB7CE2B}"
EndProject
Global
	GlobalSection(SolutionConfigurationPlatforms) = preSolution
		Debug|Any CPU = Debug|Any CPU
		Debug|ARM = Debug|ARM
		Debug|iPhone = Debug|iPhone
		Debug|iPhoneSimulator = Debug|iPhoneSimulator
		Debug|x64 = Debug|x64
		Debug|x86 = Debug|x86
		Release|Any CPU = Release|Any CPU
		Release|ARM = Release|ARM
		Release|iPhone = Release|iPhone
		Release|iPhoneSimulator = Release|iPhoneSimulator
		Release|x64 = Release|x64
		Release|x86 = Release|x86
	EndGlobalSection
	GlobalSection(ProjectConfigurationPlatforms) = postSolution
		{2F903742-1A24-45B3-8AE0-F96B9F828C4F}.Debug|Any CPU.ActiveCfg = Debug|x86
		{2F903742-1A24-45B3-8AE0-F96B9F828C4F}.Debug|Any CPU.Build.0 = Debug|x86
		{2F903742-1A24-45B3-8AE0-F96B9F828C4F}.Debug|Any CPU.Deploy.0 = Debug|x86
		{2F903742-1A24-45B3-8AE0-F96B9F828C4F}.Debug|ARM.ActiveCfg = Debug|ARM
		{2F903742-1A24-45B3-8AE0-F96B9F828C4F}.Debug|ARM.Build.0 = Debug|ARM
		{2F903742-1A24-45B3-8AE0-F96B9F828C4F}.Debug|ARM.Deploy.0 = Debug|ARM
		{2F903742-1A24-45B3-8AE0-F96B9F828C4F}.Debug|iPhone.ActiveCfg = Debug|x86
		{2F903742-1A24-45B3-8AE0-F96B9F828C4F}.Debug|iPhone.Build.0 = Debug|x86
		{2F903742-1A24-45B3-8AE0-F96B9F828C4F}.Debug|iPhone.Deploy.0 = Debug|x86
		{2F903742-1A24-45B3-8AE0-F96B9F828C4F}.Debug|iPhoneSimulator.ActiveCfg = Debug|x86
		{2F903742-1A24-45B3-8AE0-F96B9F828C4F}.Debug|iPhoneSimulator.Build.0 = Debug|x86
		{2F903742-1A24-45B3-8AE0-F96B9F828C4F}.Debug|iPhoneSimulator.Deploy.0 = Debug|x86
		{2F903742-1A24-45B3-8AE0-F96B9F828C4F}.Debug|x64.ActiveCfg = Debug|x64
		{2F903742-1A24-45B3-8AE0-F96B9F828C4F}.Debug|x64.Build.0 = Debug|x64
		{2F903742-1A24-45B3-8AE0-F96B9F828C4F}.Debug|x64.Deploy.0 = Debug|x64
		{2F903742-1A24-45B3-8AE0-F96B9F828C4F}.Debug|x86.ActiveCfg = Debug|x86
		{2F903742-1A24-45B3-8AE0-F96B9F828C4F}.Debug|x86.Build.0 = Debug|x86
		{2F903742-1A24-45B3-8AE0-F96B9F828C4F}.Debug|x86.Deploy.0 = Debug|x86
		{2F903742-1A24-45B3-8AE0-F96B9F828C4F}.Release|Any CPU.ActiveCfg = Release|x86
		{2F903742-1A24-45B3-8AE0-F96B9F828C4F}.Release|Any CPU.Build.0 = Release|x86
		{2F903742-1A24-45B3-8AE0-F96B9F828C4F}.Release|Any CPU.Deploy.0 = Release|x86
		{2F903742-1A24-45B3-8AE0-F96B9F828C4F}.Release|ARM.ActiveCfg = Release|ARM
		{2F903742-1A24-45B3-8AE0-F96B9F828C4F}.Release|ARM.Build.0 = Release|ARM
		{2F903742-1A24-45B3-8AE0-F96B9F828C4F}.Release|ARM.Deploy.0 = Release|ARM
		{2F903742-1A24-45B3-8AE0-F96B9F828C4F}.Release|iPhone.ActiveCfg = Release|x86
		{2F903742-1A24-45B3-8AE0-F96B9F828C4F}.Release|iPhone.Build.0 = Release|x86
		{2F903742-1A24-45B3-8AE0-F96B9F828C4F}.Release|iPhone.Deploy.0 = Release|x86
		{2F903742-1A24-45B3-8AE0-F96B9F828C4F}.Release|iPhoneSimulator.ActiveCfg = Release|x86
		{2F903742-1A24-45B3-8AE0-F96B9F828C4F}.Release|iPhoneSimulator.Build.0 = Release|x86
		{2F903742-1A24-45B3-8AE0-F96B9F828C4F}.Release|iPhoneSimulator.Deploy.0 = Release|x86
		{2F903742-1A24-45B3-8AE0-F96B9F828C4F}.Release|x64.ActiveCfg = Release|x64
		{2F903742-1A24-45B3-8AE0-F96B9F828C4F}.Release|x64.Build.0 = Release|x64
		{2F903742-1A24-45B3-8AE0-F96B9F828C4F}.Release|x64.Deploy.0 = Release|x64
		{2F903742-1A24-45B3-8AE0-F96B9F828C4F}.Release|x86.ActiveCfg = Release|x86
		{2F903742-1A24-45B3-8AE0-F96B9F828C4F}.Release|x86.Build.0 = Release|x86
		{2F903742-1A24-45B3-8AE0-F96B9F828C4F}.Release|x86.Deploy.0 = Release|x86
		{DC38634F-1156-40F1-A9B5-65E9407772FC}.Debug|Any CPU.ActiveCfg = Debug|Any CPU
		{DC38634F-1156-40F1-A9B5-65E9407772FC}.Debug|Any CPU.Build.0 = Debug|Any CPU
		{DC38634F-1156-40F1-A9B5-65E9407772FC}.Debug|Any CPU.Deploy.0 = Debug|Any CPU
		{DC38634F-1156-40F1-A9B5-65E9407772FC}.Debug|ARM.ActiveCfg = Debug|Any CPU
		{DC38634F-1156-40F1-A9B5-65E9407772FC}.Debug|ARM.Build.0 = Debug|Any CPU
		{DC38634F-1156-40F1-A9B5-65E9407772FC}.Debug|ARM.Deploy.0 = Debug|Any CPU
		{DC38634F-1156-40F1-A9B5-65E9407772FC}.Debug|iPhone.ActiveCfg = Debug|Any CPU
		{DC38634F-1156-40F1-A9B5-65E9407772FC}.Debug|iPhone.Build.0 = Debug|Any CPU
		{DC38634F-1156-40F1-A9B5-65E9407772FC}.Debug|iPhone.Deploy.0 = Debug|Any CPU
		{DC38634F-1156-40F1-A9B5-65E9407772FC}.Debug|iPhoneSimulator.ActiveCfg = Debug|Any CPU
		{DC38634F-1156-40F1-A9B5-65E9407772FC}.Debug|iPhoneSimulator.Build.0 = Debug|Any CPU
		{DC38634F-1156-40F1-A9B5-65E9407772FC}.Debug|iPhoneSimulator.Deploy.0 = Debug|Any CPU
		{DC38634F-1156-40F1-A9B5-65E9407772FC}.Debug|x64.ActiveCfg = Debug|Any CPU
		{DC38634F-1156-40F1-A9B5-65E9407772FC}.Debug|x64.Build.0 = Debug|Any CPU
		{DC38634F-1156-40F1-A9B5-65E9407772FC}.Debug|x64.Deploy.0 = Debug|Any CPU
		{DC38634F-1156-40F1-A9B5-65E9407772FC}.Debug|x86.ActiveCfg = Debug|Any CPU
		{DC38634F-1156-40F1-A9B5-65E9407772FC}.Debug|x86.Build.0 = Debug|Any CPU
		{DC38634F-1156-40F1-A9B5-65E9407772FC}.Debug|x86.Deploy.0 = Debug|Any CPU
		{DC38634F-1156-40F1-A9B5-65E9407772FC}.Release|Any CPU.ActiveCfg = Release|Any CPU
		{DC38634F-1156-40F1-A9B5-65E9407772FC}.Release|Any CPU.Build.0 = Release|Any CPU
		{DC38634F-1156-40F1-A9B5-65E9407772FC}.Release|Any CPU.Deploy.0 = Release|Any CPU
		{DC38634F-1156-40F1-A9B5-65E9407772FC}.Release|ARM.ActiveCfg = Release|Any CPU
		{DC38634F-1156-40F1-A9B5-65E9407772FC}.Release|ARM.Build.0 = Release|Any CPU
		{DC38634F-1156-40F1-A9B5-65E9407772FC}.Release|ARM.Deploy.0 = Release|Any CPU
		{DC38634F-1156-40F1-A9B5-65E9407772FC}.Release|iPhone.ActiveCfg = Release|Any CPU
		{DC38634F-1156-40F1-A9B5-65E9407772FC}.Release|iPhone.Build.0 = Release|Any CPU
		{DC38634F-1156-40F1-A9B5-65E9407772FC}.Release|iPhone.Deploy.0 = Release|Any CPU
		{DC38634F-1156-40F1-A9B5-65E9407772FC}.Release|iPhoneSimulator.ActiveCfg = Release|Any CPU
		{DC38634F-1156-40F1-A9B5-65E9407772FC}.Release|iPhoneSimulator.Build.0 = Release|Any CPU
		{DC38634F-1156-40F1-A9B5-65E9407772FC}.Release|iPhoneSimulator.Deploy.0 = Release|Any CPU
		{DC38634F-1156-40F1-A9B5-65E9407772FC}.Release|x64.ActiveCfg = Release|Any CPU
		{DC38634F-1156-40F1-A9B5-65E9407772FC}.Release|x64.Build.0 = Release|Any CPU
		{DC38634F-1156-40F1-A9B5-65E9407772FC}.Release|x64.Deploy.0 = Release|Any CPU
		{DC38634F-1156-40F1-A9B5-65E9407772FC}.Release|x86.ActiveCfg = Release|Any CPU
		{DC38634F-1156-40F1-A9B5-65E9407772FC}.Release|x86.Build.0 = Release|Any CPU
		{DC38634F-1156-40F1-A9B5-65E9407772FC}.Release|x86.Deploy.0 = Release|Any CPU
		{517B8A94-99A7-4483-95CB-52E339FA7784}.Debug|Any CPU.ActiveCfg = Debug|iPhoneSimulator
		{517B8A94-99A7-4483-95CB-52E339FA7784}.Debug|Any CPU.Build.0 = Debug|iPhoneSimulator
		{517B8A94-99A7-4483-95CB-52E339FA7784}.Debug|Any CPU.Deploy.0 = Debug|iPhoneSimulator
		{517B8A94-99A7-4483-95CB-52E339FA7784}.Debug|ARM.ActiveCfg = Debug|iPhone
		{517B8A94-99A7-4483-95CB-52E339FA7784}.Debug|ARM.Build.0 = Debug|iPhone
		{517B8A94-99A7-4483-95CB-52E339FA7784}.Debug|ARM.Deploy.0 = Debug|iPhone
		{517B8A94-99A7-4483-95CB-52E339FA7784}.Debug|iPhone.ActiveCfg = Debug|iPhone
		{517B8A94-99A7-4483-95CB-52E339FA7784}.Debug|iPhone.Build.0 = Debug|iPhone
		{517B8A94-99A7-4483-95CB-52E339FA7784}.Debug|iPhone.Deploy.0 = Debug|iPhone
		{517B8A94-99A7-4483-95CB-52E339FA7784}.Debug|iPhoneSimulator.ActiveCfg = Debug|iPhoneSimulator
		{517B8A94-99A7-4483-95CB-52E339FA7784}.Debug|iPhoneSimulator.Build.0 = Debug|iPhoneSimulator
		{517B8A94-99A7-4483-95CB-52E339FA7784}.Debug|iPhoneSimulator.Deploy.0 = Debug|iPhoneSimulator
		{517B8A94-99A7-4483-95CB-52E339FA7784}.Debug|x64.ActiveCfg = Debug|iPhoneSimulator
		{517B8A94-99A7-4483-95CB-52E339FA7784}.Debug|x64.Build.0 = Debug|iPhoneSimulator
		{517B8A94-99A7-4483-95CB-52E339FA7784}.Debug|x64.Deploy.0 = Debug|iPhoneSimulator
		{517B8A94-99A7-4483-95CB-52E339FA7784}.Debug|x86.ActiveCfg = Debug|iPhoneSimulator
		{517B8A94-99A7-4483-95CB-52E339FA7784}.Debug|x86.Build.0 = Debug|iPhoneSimulator
		{517B8A94-99A7-4483-95CB-52E339FA7784}.Debug|x86.Deploy.0 = Debug|iPhoneSimulator
		{517B8A94-99A7-4483-95CB-52E339FA7784}.Release|Any CPU.ActiveCfg = Release|iPhoneSimulator
		{517B8A94-99A7-4483-95CB-52E339FA7784}.Release|Any CPU.Build.0 = Release|iPhoneSimulator
		{517B8A94-99A7-4483-95CB-52E339FA7784}.Release|Any CPU.Deploy.0 = Release|iPhoneSimulator
		{517B8A94-99A7-4483-95CB-52E339FA7784}.Release|ARM.ActiveCfg = Release|iPhoneSimulator
		{517B8A94-99A7-4483-95CB-52E339FA7784}.Release|ARM.Build.0 = Release|iPhoneSimulator
		{517B8A94-99A7-4483-95CB-52E339FA7784}.Release|ARM.Deploy.0 = Release|iPhoneSimulator
		{517B8A94-99A7-4483-95CB-52E339FA7784}.Release|iPhone.ActiveCfg = Release|iPhone
		{517B8A94-99A7-4483-95CB-52E339FA7784}.Release|iPhone.Build.0 = Release|iPhone
		{517B8A94-99A7-4483-95CB-52E339FA7784}.Release|iPhone.Deploy.0 = Release|iPhone
		{517B8A94-99A7-4483-95CB-52E339FA7784}.Release|iPhoneSimulator.ActiveCfg = Release|iPhoneSimulator
		{517B8A94-99A7-4483-95CB-52E339FA7784}.Release|iPhoneSimulator.Build.0 = Release|iPhoneSimulator
		{517B8A94-99A7-4483-95CB-52E339FA7784}.Release|iPhoneSimulator.Deploy.0 = Release|iPhoneSimulator
		{517B8A94-99A7-4483-95CB-52E339FA7784}.Release|x64.ActiveCfg = Release|iPhoneSimulator
		{517B8A94-99A7-4483-95CB-52E339FA7784}.Release|x64.Build.0 = Release|iPhoneSimulator
		{517B8A94-99A7-4483-95CB-52E339FA7784}.Release|x64.Deploy.0 = Release|iPhoneSimulator
		{517B8A94-99A7-4483-95CB-52E339FA7784}.Release|x86.ActiveCfg = Release|iPhoneSimulator
		{517B8A94-99A7-4483-95CB-52E339FA7784}.Release|x86.Build.0 = Release|iPhoneSimulator
		{517B8A94-99A7-4483-95CB-52E339FA7784}.Release|x86.Deploy.0 = Release|iPhoneSimulator
		{C1F7204B-00BE-4F4C-BE4B-1D109CB7CE2B}.Debug|Any CPU.ActiveCfg = Debug|Any CPU
		{C1F7204B-00BE-4F4C-BE4B-1D109CB7CE2B}.Debug|Any CPU.Build.0 = Debug|Any CPU
		{C1F7204B-00BE-4F4C-BE4B-1D109CB7CE2B}.Debug|Any CPU.Deploy.0 = Debug|Any CPU
		{C1F7204B-00BE-4F4C-BE4B-1D109CB7CE2B}.Debug|ARM.ActiveCfg = Debug|Any CPU
		{C1F7204B-00BE-4F4C-BE4B-1D109CB7CE2B}.Debug|ARM.Build.0 = Debug|Any CPU
		{C1F7204B-00BE-4F4C-BE4B-1D109CB7CE2B}.Debug|ARM.Deploy.0 = Debug|Any CPU
		{C1F7204B-00BE-4F4C-BE4B-1D109CB7CE2B}.Debug|iPhone.ActiveCfg = Debug|Any CPU
		{C1F7204B-00BE-4F4C-BE4B-1D109CB7CE2B}.Debug|iPhone.Build.0 = Debug|Any CPU
		{C1F7204B-00BE-4F4C-BE4B-1D109CB7CE2B}.Debug|iPhone.Deploy.0 = Debug|Any CPU
		{C1F7204B-00BE-4F4C-BE4B-1D109CB7CE2B}.Debug|iPhoneSimulator.ActiveCfg = Debug|Any CPU
		{C1F7204B-00BE-4F4C-BE4B-1D109CB7CE2B}.Debug|iPhoneSimulator.Build.0 = Debug|Any CPU
		{C1F7204B-00BE-4F4C-BE4B-1D109CB7CE2B}.Debug|iPhoneSimulator.Deploy.0 = Debug|Any CPU
		{C1F7204B-00BE-4F4C-BE4B-1D109CB7CE2B}.Debug|x64.ActiveCfg = Debug|Any CPU
		{C1F7204B-00BE-4F4C-BE4B-1D109CB7CE2B}.Debug|x64.Build.0 = Debug|Any CPU
		{C1F7204B-00BE-4F4C-BE4B-1D109CB7CE2B}.Debug|x64.Deploy.0 = Debug|Any CPU
		{C1F7204B-00BE-4F4C-BE4B-1D109CB7CE2B}.Debug|x86.ActiveCfg = Debug|Any CPU
		{C1F7204B-00BE-4F4C-BE4B-1D109CB7CE2B}.Debug|x86.Build.0 = Debug|Any CPU
		{C1F7204B-00BE-4F4C-BE4B-1D109CB7CE2B}.Debug|x86.Deploy.0 = Debug|Any CPU
		{C1F7204B-00BE-4F4C-BE4B-1D109CB7CE2B}.Release|Any CPU.ActiveCfg = Release|Any CPU
		{C1F7204B-00BE-4F4C-BE4B-1D109CB7CE2B}.Release|Any CPU.Build.0 = Release|Any CPU
		{C1F7204B-00BE-4F4C-BE4B-1D109CB7CE2B}.Release|Any CPU.Deploy.0 = Release|Any CPU
		{C1F7204B-00BE-4F4C-BE4B-1D109CB7CE2B}.Release|ARM.ActiveCfg = Release|Any CPU
		{C1F7204B-00BE-4F4C-BE4B-1D109CB7CE2B}.Release|ARM.Build.0 = Release|Any CPU
		{C1F7204B-00BE-4F4C-BE4B-1D109CB7CE2B}.Release|ARM.Deploy.0 = Release|Any CPU
		{C1F7204B-00BE-4F4C-BE4B-1D109CB7CE2B}.Release|iPhone.ActiveCfg = Release|Any CPU
		{C1F7204B-00BE-4F4C-BE4B-1D109CB7CE2B}.Release|iPhone.Build.0 = Release|Any CPU
		{C1F7204B-00BE-4F4C-BE4B-1D109CB7CE2B}.Release|iPhone.Deploy.0 = Release|Any CPU
		{C1F7204B-00BE-4F4C-BE4B-1D109CB7CE2B}.Release|iPhoneSimulator.ActiveCfg = Release|Any CPU
		{C1F7204B-00BE-4F4C-BE4B-1D109CB7CE2B}.Release|iPhoneSimulator.Build.0 = Release|Any CPU
		{C1F7204B-00BE-4F4C-BE4B-1D109CB7CE2B}.Release|iPhoneSimulator.Deploy.0 = Release|Any CPU
		{C1F7204B-00BE-4F4C-BE4B-1D109CB7CE2B}.Release|x64.ActiveCfg = Release|Any CPU
		{C1F7204B-00BE-4F4C-BE4B-1D109CB7CE2B}.Release|x64.Build.0 = Release|Any CPU
		{C1F7204B-00BE-4F4C-BE4B-1D109CB7CE2B}.Release|x64.Deploy.0 = Release|Any CPU
		{C1F7204B-00BE-4F4C-BE4B-1D109CB7CE2B}.Release|x86.ActiveCfg = Release|Any CPU
		{C1F7204B-00BE-4F4C-BE4B-1D109CB7CE2B}.Release|x86.Build.0 = Release|Any CPU
		{C1F7204B-00BE-4F4C-BE4B-1D109CB7CE2B}.Release|x86.Deploy.0 = Release|Any CPU
	EndGlobalSection
	GlobalSection(SolutionProperties) = preSolution
		HideSolutionNode = FALSE
	EndGlobalSection
	GlobalSection(ExtensibilityGlobals) = postSolution
		SolutionGuid = {DCBCA517-92A5-42F8-A46D-B9E17F14B2F0}
	EndGlobalSection
EndGlobal
